// !$*UTF8*$!
{
	archiveVersion = 1;
	classes = {
	};
	objectVersion = 50;
	objects = {

/* Begin PBXBuildFile section */
		AEF2E96F8D8100562E537172 /* Pods_MaLiang_iOS.framework in Frameworks */ = {isa = PBXBuildFile; fileRef = 77C029AD69F9AAEA9E64EA46 /* Pods_MaLiang_iOS.framework */; };
		B6A3453620C77C9D0071747A /* AppDelegate.swift in Sources */ = {isa = PBXBuildFile; fileRef = B6A3453520C77C9D0071747A /* AppDelegate.swift */; };
		B6A3453820C77C9D0071747A /* ViewController.swift in Sources */ = {isa = PBXBuildFile; fileRef = B6A3453720C77C9D0071747A /* ViewController.swift */; };
		B6A3453B20C77C9D0071747A /* Main.storyboard in Resources */ = {isa = PBXBuildFile; fileRef = B6A3453920C77C9D0071747A /* Main.storyboard */; };
		B6A3453D20C77C9E0071747A /* Assets.xcassets in Resources */ = {isa = PBXBuildFile; fileRef = B6A3453C20C77C9E0071747A /* Assets.xcassets */; };
		B6A3454020C77C9E0071747A /* LaunchScreen.storyboard in Resources */ = {isa = PBXBuildFile; fileRef = B6A3453E20C77C9E0071747A /* LaunchScreen.storyboard */; };
/* End PBXBuildFile section */

/* Begin PBXFileReference section */
		0D8C13C202609DBBD441B63C /* Pods-MaLiang-iOS.debug.xcconfig */ = {isa = PBXFileReference; includeInIndex = 1; lastKnownFileType = text.xcconfig; name = "Pods-MaLiang-iOS.debug.xcconfig"; path = "Pods/Target Support Files/Pods-MaLiang-iOS/Pods-MaLiang-iOS.debug.xcconfig"; sourceTree = "<group>"; };
		77C029AD69F9AAEA9E64EA46 /* Pods_MaLiang_iOS.framework */ = {isa = PBXFileReference; explicitFileType = wrapper.framework; includeInIndex = 0; path = Pods_MaLiang_iOS.framework; sourceTree = BUILT_PRODUCTS_DIR; };
		AA338ADD9B79763B461DC814 /* Pods-MaLiang-iOS.release.xcconfig */ = {isa = PBXFileReference; includeInIndex = 1; lastKnownFileType = text.xcconfig; name = "Pods-MaLiang-iOS.release.xcconfig"; path = "Pods/Target Support Files/Pods-MaLiang-iOS/Pods-MaLiang-iOS.release.xcconfig"; sourceTree = "<group>"; };
		B6A3453220C77C9D0071747A /* MaLiang-iOS.app */ = {isa = PBXFileReference; explicitFileType = wrapper.application; includeInIndex = 0; path = "MaLiang-iOS.app"; sourceTree = BUILT_PRODUCTS_DIR; };
		B6A3453520C77C9D0071747A /* AppDelegate.swift */ = {isa = PBXFileReference; lastKnownFileType = sourcecode.swift; path = AppDelegate.swift; sourceTree = "<group>"; };
		B6A3453720C77C9D0071747A /* ViewController.swift */ = {isa = PBXFileReference; lastKnownFileType = sourcecode.swift; path = ViewController.swift; sourceTree = "<group>"; };
		B6A3453A20C77C9D0071747A /* Base */ = {isa = PBXFileReference; lastKnownFileType = file.storyboard; name = Base; path = Base.lproj/Main.storyboard; sourceTree = "<group>"; };
		B6A3453C20C77C9E0071747A /* Assets.xcassets */ = {isa = PBXFileReference; lastKnownFileType = folder.assetcatalog; path = Assets.xcassets; sourceTree = "<group>"; };
		B6A3453F20C77C9E0071747A /* Base */ = {isa = PBXFileReference; lastKnownFileType = file.storyboard; name = Base; path = Base.lproj/LaunchScreen.storyboard; sourceTree = "<group>"; };
		B6A3454120C77C9E0071747A /* Info.plist */ = {isa = PBXFileReference; lastKnownFileType = text.plist.xml; path = Info.plist; sourceTree = "<group>"; };
/* End PBXFileReference section */

/* Begin PBXFrameworksBuildPhase section */
		B6A3452F20C77C9D0071747A /* Frameworks */ = {
			isa = PBXFrameworksBuildPhase;
			buildActionMask = 2147483647;
			files = (
				AEF2E96F8D8100562E537172 /* Pods_MaLiang_iOS.framework in Frameworks */,
			);
			runOnlyForDeploymentPostprocessing = 0;
		};
/* End PBXFrameworksBuildPhase section */

/* Begin PBXGroup section */
		0FF8E602B1D28393C62F7B41 /* Frameworks */ = {
			isa = PBXGroup;
			children = (
				77C029AD69F9AAEA9E64EA46 /* Pods_MaLiang_iOS.framework */,
			);
			name = Frameworks;
			sourceTree = "<group>";
		};
		28F8548095C32BF7A58F3EC3 /* Pods */ = {
			isa = PBXGroup;
			children = (
				0D8C13C202609DBBD441B63C /* Pods-MaLiang-iOS.debug.xcconfig */,
				AA338ADD9B79763B461DC814 /* Pods-MaLiang-iOS.release.xcconfig */,
			);
			name = Pods;
			sourceTree = "<group>";
		};
		B6A3452920C77C9D0071747A = {
			isa = PBXGroup;
			children = (
				B6A3453420C77C9D0071747A /* MaLiang-iOS */,
				B6A3453320C77C9D0071747A /* Products */,
				28F8548095C32BF7A58F3EC3 /* Pods */,
				0FF8E602B1D28393C62F7B41 /* Frameworks */,
			);
			sourceTree = "<group>";
		};
		B6A3453320C77C9D0071747A /* Products */ = {
			isa = PBXGroup;
			children = (
				B6A3453220C77C9D0071747A /* MaLiang-iOS.app */,
			);
			name = Products;
			sourceTree = "<group>";
		};
		B6A3453420C77C9D0071747A /* MaLiang-iOS */ = {
			isa = PBXGroup;
			children = (
				B6A3453520C77C9D0071747A /* AppDelegate.swift */,
				B6A3453720C77C9D0071747A /* ViewController.swift */,
				B6A3453920C77C9D0071747A /* Main.storyboard */,
				B6A3453C20C77C9E0071747A /* Assets.xcassets */,
				B6A3453E20C77C9E0071747A /* LaunchScreen.storyboard */,
				B6A3454120C77C9E0071747A /* Info.plist */,
			);
			path = "MaLiang-iOS";
			sourceTree = "<group>";
		};
/* End PBXGroup section */

/* Begin PBXNativeTarget section */
		B6A3453120C77C9D0071747A /* MaLiang-iOS */ = {
			isa = PBXNativeTarget;
			buildConfigurationList = B6A3454420C77C9E0071747A /* Build configuration list for PBXNativeTarget "MaLiang-iOS" */;
			buildPhases = (
				FD92CB38B69F4FC3A891A5DE /* [CP] Check Pods Manifest.lock */,
				B6A3452E20C77C9D0071747A /* Sources */,
				B6A3452F20C77C9D0071747A /* Frameworks */,
				B6A3453020C77C9D0071747A /* Resources */,
			);
			buildRules = (
			);
			dependencies = (
			);
			name = "MaLiang-iOS";
			productName = "MaLiang-iOS";
			productReference = B6A3453220C77C9D0071747A /* MaLiang-iOS.app */;
			productType = "com.apple.product-type.application";
		};
/* End PBXNativeTarget section */

/* Begin PBXProject section */
		B6A3452A20C77C9D0071747A /* Project object */ = {
			isa = PBXProject;
			attributes = {
				LastSwiftUpdateCheck = 0940;
				LastUpgradeCheck = 0940;
				ORGANIZATIONNAME = Harley;
				TargetAttributes = {
					B6A3453120C77C9D0071747A = {
						CreatedOnToolsVersion = 9.4;
					};
				};
			};
			buildConfigurationList = B6A3452D20C77C9D0071747A /* Build configuration list for PBXProject "MaLiang-iOS" */;
			compatibilityVersion = "Xcode 9.3";
			developmentRegion = en;
			hasScannedForEncodings = 0;
			knownRegions = (
				en,
				Base,
			);
			mainGroup = B6A3452920C77C9D0071747A;
			productRefGroup = B6A3453320C77C9D0071747A /* Products */;
			projectDirPath = "";
			projectRoot = "";
			targets = (
				B6A3453120C77C9D0071747A /* MaLiang-iOS */,
			);
		};
/* End PBXProject section */

/* Begin PBXResourcesBuildPhase section */
		B6A3453020C77C9D0071747A /* Resources */ = {
			isa = PBXResourcesBuildPhase;
			buildActionMask = 2147483647;
			files = (
				B6A3454020C77C9E0071747A /* LaunchScreen.storyboard in Resources */,
				B6A3453D20C77C9E0071747A /* Assets.xcassets in Resources */,
				B6A3453B20C77C9D0071747A /* Main.storyboard in Resources */,
			);
			runOnlyForDeploymentPostprocessing = 0;
		};
/* End PBXResourcesBuildPhase section */

/* Begin PBXShellScriptBuildPhase section */
		FD92CB38B69F4FC3A891A5DE /* [CP] Check Pods Manifest.lock */ = {
			isa = PBXShellScriptBuildPhase;
			buildActionMask = 2147483647;
			files = (
			);
			inputPaths = (
				"${PODS_PODFILE_DIR_PATH}/Podfile.lock",
				"${PODS_ROOT}/Manifest.lock",
			);
			name = "[CP] Check Pods Manifest.lock";
			outputPaths = (
				"$(DERIVED_FILE_DIR)/Pods-MaLiang-iOS-checkManifestLockResult.txt",
			);
			runOnlyForDeploymentPostprocessing = 0;
			shellPath = /bin/sh;
			shellScript = "diff \"${PODS_PODFILE_DIR_PATH}/Podfile.lock\" \"${PODS_ROOT}/Manifest.lock\" > /dev/null\nif [ $? != 0 ] ; then\n    # print error to STDERR\n    echo \"error: The sandbox is not in sync with the Podfile.lock. Run 'pod install' or update your CocoaPods installation.\" >&2\n    exit 1\nfi\n# This output is used by Xcode 'outputs' to avoid re-running this script phase.\necho \"SUCCESS\" > \"${SCRIPT_OUTPUT_FILE_0}\"\n";
			showEnvVarsInLog = 0;
		};
/* End PBXShellScriptBuildPhase section */

/* Begin PBXSourcesBuildPhase section */
		B6A3452E20C77C9D0071747A /* Sources */ = {
			isa = PBXSourcesBuildPhase;
			buildActionMask = 2147483647;
			files = (
				B6A3453820C77C9D0071747A /* ViewController.swift in Sources */,
				B6A3453620C77C9D0071747A /* AppDelegate.swift in Sources */,
			);
			runOnlyForDeploymentPostprocessing = 0;
		};
/* End PBXSourcesBuildPhase section */

/* Begin PBXVariantGroup section */
		B6A3453920C77C9D0071747A /* Main.storyboard */ = {
			isa = PBXVariantGroup;
			children = (
				B6A3453A20C77C9D0071747A /* Base */,
			);
			name = Main.storyboard;
			sourceTree = "<group>";
		};
		B6A3453E20C77C9E0071747A /* LaunchScreen.storyboard */ = {
			isa = PBXVariantGroup;
			children = (
				B6A3453F20C77C9E0071747A /* Base */,
			);
			name = LaunchScreen.storyboard;
			sourceTree = "<group>";
		};
/* End PBXVariantGroup section */

/* Begin XCBuildConfiguration section */
		B6A3454220C77C9E0071747A /* Debug */ = {
			isa = XCBuildConfiguration;
			buildSettings = {
				ALWAYS_SEARCH_USER_PATHS = NO;
				CLANG_ANALYZER_NONNULL = YES;
				CLANG_ANALYZER_NUMBER_OBJECT_CONVERSION = YES_AGGRESSIVE;
				CLANG_CXX_LANGUAGE_STANDARD = "gnu++14";
				CLANG_CXX_LIBRARY = "libc++";
				CLANG_ENABLE_MODULES = YES;
				CLANG_ENABLE_OBJC_ARC = YES;
				CLANG_ENABLE_OBJC_WEAK = YES;
				CLANG_WARN_BLOCK_CAPTURE_AUTORELEASING = YES;
				CLANG_WARN_BOOL_CONVERSION = YES;
				CLANG_WARN_COMMA = YES;
				CLANG_WARN_CONSTANT_CONVERSION = YES;
				CLANG_WARN_DEPRECATED_OBJC_IMPLEMENTATIONS = YES;
				CLANG_WARN_DIRECT_OBJC_ISA_USAGE = YES_ERROR;
				CLANG_WARN_DOCUMENTATION_COMMENTS = YES;
				CLANG_WARN_EMPTY_BODY = YES;
				CLANG_WARN_ENUM_CONVERSION = YES;
				CLANG_WARN_INFINITE_RECURSION = YES;
				CLANG_WARN_INT_CONVERSION = YES;
				CLANG_WARN_NON_LITERAL_NULL_CONVERSION = YES;
				CLANG_WARN_OBJC_IMPLICIT_RETAIN_SELF = YES;
				CLANG_WARN_OBJC_LITERAL_CONVERSION = YES;
				CLANG_WARN_OBJC_ROOT_CLASS = YES_ERROR;
				CLANG_WARN_RANGE_LOOP_ANALYSIS = YES;
				CLANG_WARN_STRICT_PROTOTYPES = YES;
				CLANG_WARN_SUSPICIOUS_MOVE = YES;
				CLANG_WARN_UNGUARDED_AVAILABILITY = YES_AGGRESSIVE;
				CLANG_WARN_UNREACHABLE_CODE = YES;
				CLANG_WARN__DUPLICATE_METHOD_MATCH = YES;
				CODE_SIGN_IDENTITY = "iPhone Developer";
				COPY_PHASE_STRIP = NO;
				DEBUG_INFORMATION_FORMAT = dwarf;
				ENABLE_STRICT_OBJC_MSGSEND = YES;
				ENABLE_TESTABILITY = YES;
				GCC_C_LANGUAGE_STANDARD = gnu11;
				GCC_DYNAMIC_NO_PIC = NO;
				GCC_NO_COMMON_BLOCKS = YES;
				GCC_OPTIMIZATION_LEVEL = 0;
				GCC_PREPROCESSOR_DEFINITIONS = (
					"DEBUG=1",
					"$(inherited)",
				);
				GCC_WARN_64_TO_32_BIT_CONVERSION = YES;
				GCC_WARN_ABOUT_RETURN_TYPE = YES_ERROR;
				GCC_WARN_UNDECLARED_SELECTOR = YES;
				GCC_WARN_UNINITIALIZED_AUTOS = YES_AGGRESSIVE;
				GCC_WARN_UNUSED_FUNCTION = YES;
				GCC_WARN_UNUSED_VARIABLE = YES;
				IPHONEOS_DEPLOYMENT_TARGET = 11.4;
				MTL_ENABLE_DEBUG_INFO = YES;
				ONLY_ACTIVE_ARCH = YES;
				SDKROOT = iphoneos;
				SWIFT_ACTIVE_COMPILATION_CONDITIONS = DEBUG;
				SWIFT_OPTIMIZATION_LEVEL = "-Onone";
			};
			name = Debug;
		};
		B6A3454320C77C9E0071747A /* Release */ = {
			isa = XCBuildConfiguration;
			buildSettings = {
				ALWAYS_SEARCH_USER_PATHS = NO;
				CLANG_ANALYZER_NONNULL = YES;
				CLANG_ANALYZER_NUMBER_OBJECT_CONVERSION = YES_AGGRESSIVE;
				CLANG_CXX_LANGUAGE_STANDARD = "gnu++14";
				CLANG_CXX_LIBRARY = "libc++";
				CLANG_ENABLE_MODULES = YES;
				CLANG_ENABLE_OBJC_ARC = YES;
				CLANG_ENABLE_OBJC_WEAK = YES;
				CLANG_WARN_BLOCK_CAPTURE_AUTORELEASING = YES;
				CLANG_WARN_BOOL_CONVERSION = YES;
				CLANG_WARN_COMMA = YES;
				CLANG_WARN_CONSTANT_CONVERSION = YES;
				CLANG_WARN_DEPRECATED_OBJC_IMPLEMENTATIONS = YES;
				CLANG_WARN_DIRECT_OBJC_ISA_USAGE = YES_ERROR;
				CLANG_WARN_DOCUMENTATION_COMMENTS = YES;
				CLANG_WARN_EMPTY_BODY = YES;
				CLANG_WARN_ENUM_CONVERSION = YES;
				CLANG_WARN_INFINITE_RECURSION = YES;
				CLANG_WARN_INT_CONVERSION = YES;
				CLANG_WARN_NON_LITERAL_NULL_CONVERSION = YES;
				CLANG_WARN_OBJC_IMPLICIT_RETAIN_SELF = YES;
				CLANG_WARN_OBJC_LITERAL_CONVERSION = YES;
				CLANG_WARN_OBJC_ROOT_CLASS = YES_ERROR;
				CLANG_WARN_RANGE_LOOP_ANALYSIS = YES;
				CLANG_WARN_STRICT_PROTOTYPES = YES;
				CLANG_WARN_SUSPICIOUS_MOVE = YES;
				CLANG_WARN_UNGUARDED_AVAILABILITY = YES_AGGRESSIVE;
				CLANG_WARN_UNREACHABLE_CODE = YES;
				CLANG_WARN__DUPLICATE_METHOD_MATCH = YES;
				CODE_SIGN_IDENTITY = "iPhone Developer";
				COPY_PHASE_STRIP = NO;
				DEBUG_INFORMATION_FORMAT = "dwarf-with-dsym";
				ENABLE_NS_ASSERTIONS = NO;
				ENABLE_STRICT_OBJC_MSGSEND = YES;
				GCC_C_LANGUAGE_STANDARD = gnu11;
				GCC_NO_COMMON_BLOCKS = YES;
				GCC_WARN_64_TO_32_BIT_CONVERSION = YES;
				GCC_WARN_ABOUT_RETURN_TYPE = YES_ERROR;
				GCC_WARN_UNDECLARED_SELECTOR = YES;
				GCC_WARN_UNINITIALIZED_AUTOS = YES_AGGRESSIVE;
				GCC_WARN_UNUSED_FUNCTION = YES;
				GCC_WARN_UNUSED_VARIABLE = YES;
				IPHONEOS_DEPLOYMENT_TARGET = 11.4;
				MTL_ENABLE_DEBUG_INFO = NO;
				SDKROOT = iphoneos;
				SWIFT_COMPILATION_MODE = wholemodule;
				SWIFT_OPTIMIZATION_LEVEL = "-O";
				VALIDATE_PRODUCT = YES;
			};
			name = Release;
		};
		B6A3454520C77C9E0071747A /* Debug */ = {
			isa = XCBuildConfiguration;
			baseConfigurationReference = 0D8C13C202609DBBD441B63C /* Pods-MaLiang-iOS.debug.xcconfig */;
			buildSettings = {
				ASSETCATALOG_COMPILER_APPICON_NAME = AppIcon;
				CODE_SIGN_STYLE = Automatic;
				DEVELOPMENT_TEAM = H28MQNK878;
				INFOPLIST_FILE = "MaLiang-iOS/Info.plist";
				LD_RUNPATH_SEARCH_PATHS = "$(inherited) @executable_path/Frameworks";
				PRODUCT_BUNDLE_IDENTIFIER = "com.harley.MaLiang-iOS";
				PRODUCT_NAME = "$(TARGET_NAME)";
				SWIFT_VERSION = 4.0;
				TARGETED_DEVICE_FAMILY = "1,2";
			};
			name = Debug;
		};
		B6A3454620C77C9E0071747A /* Release */ = {
			isa = XCBuildConfiguration;
			baseConfigurationReference = AA338ADD9B79763B461DC814 /* Pods-MaLiang-iOS.release.xcconfig */;
			buildSettings = {
				ASSETCATALOG_COMPILER_APPICON_NAME = AppIcon;
				CODE_SIGN_STYLE = Automatic;
				DEVELOPMENT_TEAM = H28MQNK878;
				INFOPLIST_FILE = "MaLiang-iOS/Info.plist";
				LD_RUNPATH_SEARCH_PATHS = "$(inherited) @executable_path/Frameworks";
				PRODUCT_BUNDLE_IDENTIFIER = "com.harley.MaLiang-iOS";
				PRODUCT_NAME = "$(TARGET_NAME)";
				SWIFT_VERSION = 4.0;
				TARGETED_DEVICE_FAMILY = "1,2";
			};
			name = Release;
		};
/* End XCBuildConfiguration section */

/* Begin XCConfigurationList section */
		B6A3452D20C77C9D0071747A /* Build configuration list for PBXProject "MaLiang-iOS" */ = {
			isa = XCConfigurationList;
			buildConfigurations = (
				B6A3454220C77C9E0071747A /* Debug */,
				B6A3454320C77C9E0071747A /* Release */,
			);
			defaultConfigurationIsVisible = 0;
			defaultConfigurationName = Release;
		};
		B6A3454420C77C9E0071747A /* Build configuration list for PBXNativeTarget "MaLiang-iOS" */ = {
			isa = XCConfigurationList;
			buildConfigurations = (
				B6A3454520C77C9E0071747A /* Debug */,
				B6A3454620C77C9E0071747A /* Release */,
			);
			defaultConfigurationIsVisible = 0;
			defaultConfigurationName = Release;
		};
/* End XCConfigurationList section */
	};
	rootObject = B6A3452A20C77C9D0071747A /* Project object */;
}
